hash: 83812f0eed7902538c5029c68e09d32e0564c24ddc718aaa92d4ed482258a3b9
updated: 2017-03-18T18:19:04.986780701+07:00
imports:
- name: github.com/codegangsta/gin
  version: b2d0f660ae0db9c0a6e9fbdf0349e138f3802292
- name: github.com/gorilla/context
  version: 1ea25387ff6f684839d82767c1733ff4d4d15d0a
- name: github.com/gorilla/handlers
  version: 3a5767ca75ece5f7f1440b1d16975247f8d8b221
- name: github.com/gorilla/mux
  version: 392c28fe23e1c45ddba891b0320b3b5df220beea
- name: github.com/gorilla/securecookie
  version: 667fe4e3466a040b780561fe9b51a83a3753eefc
- name: github.com/gorilla/sessions
  version: ca9ada44574153444b00d3fd9c8559e4cc95f896
- name: github.com/lib/pq
  version: 472a0745531a17dbac346e828b4c60e73ddff30c
  subpackages:
  - oid
- name: github.com/mattes/migrate
  version: 1f37f41ee8c7d69a3d835f2ed60d054c9407b85d
- name: github.com/mattn/goreman
  version: 3a84a95fe47b27112d9bece50e3b4fd17a1dd5bb
- name: github.com/satori/go.uuid
  version: b061729afc07e77a8aa4fad0a2fd840958f1942a
- name: golang.org/x/crypto
  version: 459e26527287adbc2adcc5d0d49abff9a5f315a7
  subpackages:
  - bcrypt
  - blowfish
testImports: []
